
Microsoft Visual Studio Solution File, Format Version 12.00
# Visual Studio 15
VisualStudioVersion = 15.0.27703.2042
MinimumVisualStudioVersion = 10.0.40219.1
Project("{FAE04EC0-301F-11D3-BF4B-00C04F79EFBC}") = "EasyEnum", "src\EasyEnum\EasyEnum.csproj", "{5AEC895F-80B3-442C-960E-DDAE9A6F9AFE}"
EndProject
Project("{FAE04EC0-301F-11D3-BF4B-00C04F79EFBC}") = "EasyEnum.UnitTest", "test\EasyEnum.UnitTest\EasyEnum.UnitTest.csproj", "{9294F2C6-C2FE-46B5-A9E6-BBDA07C58411}"
EndProject
Project("{2150E333-8FDC-42A3-9474-1A3956D46DE8}") = "Solution", "Solution", "{370ED4CD-EA9D-4F91-82E2-26718461BA23}"
	ProjectSection(SolutionItems) = preProject
		appveyor.yml = appveyor.yml
		license = license
		Readme.md = Readme.md
	EndProjectSection
EndProject
Global
	GlobalSection(SolutionConfigurationPlatforms) = preSolution
		Debug|Any CPU = Debug|Any CPU
		Release|Any CPU = Release|Any CPU
	EndGlobalSection
	GlobalSection(ProjectConfigurationPlatforms) = postSolution
		{5AEC895F-80B3-442C-960E-DDAE9A6F9AFE}.Debug|Any CPU.ActiveCfg = Debug|Any CPU
		{5AEC895F-80B3-442C-960E-DDAE9A6F9AFE}.Debug|Any CPU.Build.0 = Debug|Any CPU
		{5AEC895F-80B3-442C-960E-DDAE9A6F9AFE}.Release|Any CPU.ActiveCfg = Release|Any CPU
		{5AEC895F-80B3-442C-960E-DDAE9A6F9AFE}.Release|Any CPU.Build.0 = Release|Any CPU
		{9294F2C6-C2FE-46B5-A9E6-BBDA07C58411}.Debug|Any CPU.ActiveCfg = Debug|Any CPU
		{9294F2C6-C2FE-46B5-A9E6-BBDA07C58411}.Debug|Any CPU.Build.0 = Debug|Any CPU
		{9294F2C6-C2FE-46B5-A9E6-BBDA07C58411}.Release|Any CPU.ActiveCfg = Release|Any CPU
		{9294F2C6-C2FE-46B5-A9E6-BBDA07C58411}.Release|Any CPU.Build.0 = Release|Any CPU
	EndGlobalSection
	GlobalSection(SolutionProperties) = preSolution
		HideSolutionNode = FALSE
	EndGlobalSection
	GlobalSection(ExtensibilityGlobals) = postSolution
		SolutionGuid = {BE5A5CF2-191C-4DCF-9967-3BF9C0DC7A4F}
	EndGlobalSection
EndGlobal
